
Microsoft Visual Studio Solution File, Format Version 12.00
# Visual Studio Version 17
VisualStudioVersion = 17.3.32922.545
MinimumVisualStudioVersion = 10.0.40219.1
Project("{9A19103F-16F7-4668-BE54-9A1E7A4F7556}") = "TopSecretSanta", "TopSecretSanta.csproj", "{78F4220A-4F88-4A46-AAC0-9000EC300FDB}"
EndProject
Global
	GlobalSection(SolutionConfigurationPlatforms) = preSolution
		Debug|Any CPU = Debug|Any CPU
		Release|Any CPU = Release|Any CPU
	EndGlobalSection
	GlobalSection(ProjectConfigurationPlatforms) = postSolution
		{78F4220A-4F88-4A46-AAC0-9000EC300FDB}.Debug|Any CPU.ActiveCfg = Debug|Any CPU
		{78F4220A-4F88-4A46-AAC0-9000EC300FDB}.Debug|Any CPU.Build.0 = Debug|Any CPU
		{78F4220A-4F88-4A46-AAC0-9000EC300FDB}.Release|Any CPU.ActiveCfg = Release|Any CPU
		{78F4220A-4F88-4A46-AAC0-9000EC300FDB}.Release|Any CPU.Build.0 = Release|Any CPU
	EndGlobalSection
	GlobalSection(SolutionProperties) = preSolution
		HideSolutionNode = FALSE
	EndGlobalSection
	GlobalSection(ExtensibilityGlobals) = postSolution
		SolutionGuid = {D766996B-6FAE-4E64-8BBF-2E55B08CBBA2}
	EndGlobalSection
EndGlobal
